
Microsoft Visual Studio Solution File, Format Version 12.00
# Visual Studio Version 17
VisualStudioVersion = 17.0.31903.59
MinimumVisualStudioVersion = 10.0.40219.1
Project("{FAE04EC0-301F-11D3-BF4B-00C04F79EFBC}") = "API", "API\API.csproj", "{E5A6F192-E4C9-4D9B-B0EB-CE1ACB4F0BE9}"
EndProject
Project("{FAE04EC0-301F-11D3-BF4B-00C04F79EFBC}") = "Application", "Application\Application.csproj", "{4B357489-775A-4D6D-8622-8B5295AF91E2}"
EndProject
Project("{FAE04EC0-301F-11D3-BF4B-00C04F79EFBC}") = "Domain", "Domain\Domain.csproj", "{A53395D2-BD12-4783-AD8C-AF476DDA81C5}"
EndProject
Project("{FAE04EC0-301F-11D3-BF4B-00C04F79EFBC}") = "Persistence", "Persistence\Persistence.csproj", "{59EA4510-25BD-4DF1-8197-5F34A3E4CABA}"
EndProject
Global
	GlobalSection(SolutionConfigurationPlatforms) = preSolution
		Debug|Any CPU = Debug|Any CPU
		Debug|x64 = Debug|x64
		Debug|x86 = Debug|x86
		Release|Any CPU = Release|Any CPU
		Release|x64 = Release|x64
		Release|x86 = Release|x86
	EndGlobalSection
	GlobalSection(ProjectConfigurationPlatforms) = postSolution
		{E5A6F192-E4C9-4D9B-B0EB-CE1ACB4F0BE9}.Debug|Any CPU.ActiveCfg = Debug|Any CPU
		{E5A6F192-E4C9-4D9B-B0EB-CE1ACB4F0BE9}.Debug|Any CPU.Build.0 = Debug|Any CPU
		{E5A6F192-E4C9-4D9B-B0EB-CE1ACB4F0BE9}.Debug|x64.ActiveCfg = Debug|Any CPU
		{E5A6F192-E4C9-4D9B-B0EB-CE1ACB4F0BE9}.Debug|x64.Build.0 = Debug|Any CPU
		{E5A6F192-E4C9-4D9B-B0EB-CE1ACB4F0BE9}.Debug|x86.ActiveCfg = Debug|Any CPU
		{E5A6F192-E4C9-4D9B-B0EB-CE1ACB4F0BE9}.Debug|x86.Build.0 = Debug|Any CPU
		{E5A6F192-E4C9-4D9B-B0EB-CE1ACB4F0BE9}.Release|Any CPU.ActiveCfg = Release|Any CPU
		{E5A6F192-E4C9-4D9B-B0EB-CE1ACB4F0BE9}.Release|Any CPU.Build.0 = Release|Any CPU
		{E5A6F192-E4C9-4D9B-B0EB-CE1ACB4F0BE9}.Release|x64.ActiveCfg = Release|Any CPU
		{E5A6F192-E4C9-4D9B-B0EB-CE1ACB4F0BE9}.Release|x64.Build.0 = Release|Any CPU
		{E5A6F192-E4C9-4D9B-B0EB-CE1ACB4F0BE9}.Release|x86.ActiveCfg = Release|Any CPU
		{E5A6F192-E4C9-4D9B-B0EB-CE1ACB4F0BE9}.Release|x86.Build.0 = Release|Any CPU
		{4B357489-775A-4D6D-8622-8B5295AF91E2}.Debug|Any CPU.ActiveCfg = Debug|Any CPU
		{4B357489-775A-4D6D-8622-8B5295AF91E2}.Debug|Any CPU.Build.0 = Debug|Any CPU
		{4B357489-775A-4D6D-8622-8B5295AF91E2}.Debug|x64.ActiveCfg = Debug|Any CPU
		{4B357489-775A-4D6D-8622-8B5295AF91E2}.Debug|x64.Build.0 = Debug|Any CPU
		{4B357489-775A-4D6D-8622-8B5295AF91E2}.Debug|x86.ActiveCfg = Debug|Any CPU
		{4B357489-775A-4D6D-8622-8B5295AF91E2}.Debug|x86.Build.0 = Debug|Any CPU
		{4B357489-775A-4D6D-8622-8B5295AF91E2}.Release|Any CPU.ActiveCfg = Release|Any CPU
		{4B357489-775A-4D6D-8622-8B5295AF91E2}.Release|Any CPU.Build.0 = Release|Any CPU
		{4B357489-775A-4D6D-8622-8B5295AF91E2}.Release|x64.ActiveCfg = Release|Any CPU
		{4B357489-775A-4D6D-8622-8B5295AF91E2}.Release|x64.Build.0 = Release|Any CPU
		{4B357489-775A-4D6D-8622-8B5295AF91E2}.Release|x86.ActiveCfg = Release|Any CPU
		{4B357489-775A-4D6D-8622-8B5295AF91E2}.Release|x86.Build.0 = Release|Any CPU
		{A53395D2-BD12-4783-AD8C-AF476DDA81C5}.Debug|Any CPU.ActiveCfg = Debug|Any CPU
		{A53395D2-BD12-4783-AD8C-AF476DDA81C5}.Debug|Any CPU.Build.0 = Debug|Any CPU
		{A53395D2-BD12-4783-AD8C-AF476DDA81C5}.Debug|x64.ActiveCfg = Debug|Any CPU
		{A53395D2-BD12-4783-AD8C-AF476DDA81C5}.Debug|x64.Build.0 = Debug|Any CPU
		{A53395D2-BD12-4783-AD8C-AF476DDA81C5}.Debug|x86.ActiveCfg = Debug|Any CPU
		{A53395D2-BD12-4783-AD8C-AF476DDA81C5}.Debug|x86.Build.0 = Debug|Any CPU
		{A53395D2-BD12-4783-AD8C-AF476DDA81C5}.Release|Any CPU.ActiveCfg = Release|Any CPU
		{A53395D2-BD12-4783-AD8C-AF476DDA81C5}.Release|Any CPU.Build.0 = Release|Any CPU
		{A53395D2-BD12-4783-AD8C-AF476DDA81C5}.Release|x64.ActiveCfg = Release|Any CPU
		{A53395D2-BD12-4783-AD8C-AF476DDA81C5}.Release|x64.Build.0 = Release|Any CPU
		{A53395D2-BD12-4783-AD8C-AF476DDA81C5}.Release|x86.ActiveCfg = Release|Any CPU
		{A53395D2-BD12-4783-AD8C-AF476DDA81C5}.Release|x86.Build.0 = Release|Any CPU
		{59EA4510-25BD-4DF1-8197-5F34A3E4CABA}.Debug|Any CPU.ActiveCfg = Debug|Any CPU
		{59EA4510-25BD-4DF1-8197-5F34A3E4CABA}.Debug|Any CPU.Build.0 = Debug|Any CPU
		{59EA4510-25BD-4DF1-8197-5F34A3E4CABA}.Debug|x64.ActiveCfg = Debug|Any CPU
		{59EA4510-25BD-4DF1-8197-5F34A3E4CABA}.Debug|x64.Build.0 = Debug|Any CPU
		{59EA4510-25BD-4DF1-8197-5F34A3E4CABA}.Debug|x86.ActiveCfg = Debug|Any CPU
		{59EA4510-25BD-4DF1-8197-5F34A3E4CABA}.Debug|x86.Build.0 = Debug|Any CPU
		{59EA4510-25BD-4DF1-8197-5F34A3E4CABA}.Release|Any CPU.ActiveCfg = Release|Any CPU
		{59EA4510-25BD-4DF1-8197-5F34A3E4CABA}.Release|Any CPU.Build.0 = Release|Any CPU
		{59EA4510-25BD-4DF1-8197-5F34A3E4CABA}.Release|x64.ActiveCfg = Release|Any CPU
		{59EA4510-25BD-4DF1-8197-5F34A3E4CABA}.Release|x64.Build.0 = Release|Any CPU
		{59EA4510-25BD-4DF1-8197-5F34A3E4CABA}.Release|x86.ActiveCfg = Release|Any CPU
		{59EA4510-25BD-4DF1-8197-5F34A3E4CABA}.Release|x86.Build.0 = Release|Any CPU
	EndGlobalSection
	GlobalSection(SolutionProperties) = preSolution
		HideSolutionNode = FALSE
	EndGlobalSection
EndGlobal
